
Microsoft Visual Studio Solution File, Format Version 12.00
# Visual Studio Version 17
VisualStudioVersion = 17.5.33516.290
MinimumVisualStudioVersion = 10.0.40219.1
Project("{FAE04EC0-301F-11D3-BF4B-00C04F79EFBC}") = "GildedRoseKata", "GildedRose\GildedRoseKata.csproj", "{C0731A5E-2284-4BF1-9BA8-712624E40617}"
EndProject
Global
	GlobalSection(SolutionConfigurationPlatforms) = preSolution
		Debug|Any CPU = Debug|Any CPU
		Release|Any CPU = Release|Any CPU
	EndGlobalSection
	GlobalSection(ProjectConfigurationPlatforms) = postSolution
		{C0731A5E-2284-4BF1-9BA8-712624E40617}.Debug|Any CPU.ActiveCfg = Debug|Any CPU
		{C0731A5E-2284-4BF1-9BA8-712624E40617}.Debug|Any CPU.Build.0 = Debug|Any CPU
		{C0731A5E-2284-4BF1-9BA8-712624E40617}.Release|Any CPU.ActiveCfg = Release|Any CPU
		{C0731A5E-2284-4BF1-9BA8-712624E40617}.Release|Any CPU.Build.0 = Release|Any CPU
	EndGlobalSection
	GlobalSection(SolutionProperties) = preSolution
		HideSolutionNode = FALSE
	EndGlobalSection
	GlobalSection(ExtensibilityGlobals) = postSolution
		SolutionGuid = {18E24DF1-8866-405C-BD1C-9BFDC3C168AC}
	EndGlobalSection
EndGlobal
