
Microsoft Visual Studio Solution File, Format Version 12.00
# Visual Studio Version 17
VisualStudioVersion = 17.5.33516.290
MinimumVisualStudioVersion = 10.0.40219.1
Project("{FAE04EC0-301F-11D3-BF4B-00C04F79EFBC}") = "Calculator", "Calculator\Calculator.csproj", "{2CF539B1-45D4-4A26-91DF-616720C09A5C}"
EndProject
Project("{2150E333-8FDC-42A3-9474-1A3956D46DE8}") = "Solution Items", "Solution Items", "{F305AF99-70A5-4703-9C4B-AA043DEF8AA3}"
	ProjectSection(SolutionItems) = preProject
		README.md = README.md
	EndProjectSection
EndProject
Project("{FAE04EC0-301F-11D3-BF4B-00C04F79EFBC}") = "Calculator.Test", "Calculator.Test\Calculator.Test.csproj", "{043D6034-A3B5-4262-8377-CF32B95A3B02}"
EndProject
Global
	GlobalSection(SolutionConfigurationPlatforms) = preSolution
		Debug|Any CPU = Debug|Any CPU
		Release|Any CPU = Release|Any CPU
	EndGlobalSection
	GlobalSection(ProjectConfigurationPlatforms) = postSolution
		{2CF539B1-45D4-4A26-91DF-616720C09A5C}.Debug|Any CPU.ActiveCfg = Debug|Any CPU
		{2CF539B1-45D4-4A26-91DF-616720C09A5C}.Debug|Any CPU.Build.0 = Debug|Any CPU
		{2CF539B1-45D4-4A26-91DF-616720C09A5C}.Release|Any CPU.ActiveCfg = Release|Any CPU
		{2CF539B1-45D4-4A26-91DF-616720C09A5C}.Release|Any CPU.Build.0 = Release|Any CPU
		{043D6034-A3B5-4262-8377-CF32B95A3B02}.Debug|Any CPU.ActiveCfg = Debug|Any CPU
		{043D6034-A3B5-4262-8377-CF32B95A3B02}.Debug|Any CPU.Build.0 = Debug|Any CPU
		{043D6034-A3B5-4262-8377-CF32B95A3B02}.Release|Any CPU.ActiveCfg = Release|Any CPU
		{043D6034-A3B5-4262-8377-CF32B95A3B02}.Release|Any CPU.Build.0 = Release|Any CPU
	EndGlobalSection
	GlobalSection(SolutionProperties) = preSolution
		HideSolutionNode = FALSE
	EndGlobalSection
	GlobalSection(ExtensibilityGlobals) = postSolution
		SolutionGuid = {4F2741ED-9932-488D-B069-3DF32B028764}
	EndGlobalSection
EndGlobal
