
Microsoft Visual Studio Solution File, Format Version 12.00
# Visual Studio Version 17
VisualStudioVersion = 17.5.33516.290
MinimumVisualStudioVersion = 10.0.40219.1
Project("{FAE04EC0-301F-11D3-BF4B-00C04F79EFBC}") = "DatabaseProject", "DatabaseProject\DatabaseProject.csproj", "{0949170C-1810-4ED8-945A-BCFCD18A7EAD}"
EndProject
Project("{FAE04EC0-301F-11D3-BF4B-00C04F79EFBC}") = "DatabaseProject.Test", "DatabaseProject.Test\DatabaseProject.Test.csproj", "{BCAD2FC9-6E10-4FC6-B4DF-D9D3D3281A34}"
EndProject
Global
	GlobalSection(SolutionConfigurationPlatforms) = preSolution
		Debug|Any CPU = Debug|Any CPU
		Release|Any CPU = Release|Any CPU
	EndGlobalSection
	GlobalSection(ProjectConfigurationPlatforms) = postSolution
		{0949170C-1810-4ED8-945A-BCFCD18A7EAD}.Debug|Any CPU.ActiveCfg = Debug|Any CPU
		{0949170C-1810-4ED8-945A-BCFCD18A7EAD}.Debug|Any CPU.Build.0 = Debug|Any CPU
		{0949170C-1810-4ED8-945A-BCFCD18A7EAD}.Release|Any CPU.ActiveCfg = Release|Any CPU
		{0949170C-1810-4ED8-945A-BCFCD18A7EAD}.Release|Any CPU.Build.0 = Release|Any CPU
		{BCAD2FC9-6E10-4FC6-B4DF-D9D3D3281A34}.Debug|Any CPU.ActiveCfg = Debug|Any CPU
		{BCAD2FC9-6E10-4FC6-B4DF-D9D3D3281A34}.Debug|Any CPU.Build.0 = Debug|Any CPU
		{BCAD2FC9-6E10-4FC6-B4DF-D9D3D3281A34}.Release|Any CPU.ActiveCfg = Release|Any CPU
		{BCAD2FC9-6E10-4FC6-B4DF-D9D3D3281A34}.Release|Any CPU.Build.0 = Release|Any CPU
	EndGlobalSection
	GlobalSection(SolutionProperties) = preSolution
		HideSolutionNode = FALSE
	EndGlobalSection
	GlobalSection(ExtensibilityGlobals) = postSolution
		SolutionGuid = {E1952EC3-869E-4F4E-B266-05AECA251DF2}
	EndGlobalSection
EndGlobal
